
Microsoft Visual Studio Solution File, Format Version 12.00
# Visual Studio Version 17
VisualStudioVersion = 17.13.35931.197 d17.13
MinimumVisualStudioVersion = 10.0.40219.1
Project("{8BC9CEB8-8B4A-11D0-8D11-00A0C91BC942}") = "Enum-If-Else", "Enum-If-Else\Enum-If-Else.vcxproj", "{7FBFF3C9-8F1C-49B6-AA6D-36A27863739D}"
EndProject
Global
	GlobalSection(SolutionConfigurationPlatforms) = preSolution
		Debug|x64 = Debug|x64
		Debug|x86 = Debug|x86
		Release|x64 = Release|x64
		Release|x86 = Release|x86
	EndGlobalSection
	GlobalSection(ProjectConfigurationPlatforms) = postSolution
		{7FBFF3C9-8F1C-49B6-AA6D-36A27863739D}.Debug|x64.ActiveCfg = Debug|x64
		{7FBFF3C9-8F1C-49B6-AA6D-36A27863739D}.Debug|x64.Build.0 = Debug|x64
		{7FBFF3C9-8F1C-49B6-AA6D-36A27863739D}.Debug|x86.ActiveCfg = Debug|Win32
		{7FBFF3C9-8F1C-49B6-AA6D-36A27863739D}.Debug|x86.Build.0 = Debug|Win32
		{7FBFF3C9-8F1C-49B6-AA6D-36A27863739D}.Release|x64.ActiveCfg = Release|x64
		{7FBFF3C9-8F1C-49B6-AA6D-36A27863739D}.Release|x64.Build.0 = Release|x64
		{7FBFF3C9-8F1C-49B6-AA6D-36A27863739D}.Release|x86.ActiveCfg = Release|Win32
		{7FBFF3C9-8F1C-49B6-AA6D-36A27863739D}.Release|x86.Build.0 = Release|Win32
	EndGlobalSection
	GlobalSection(SolutionProperties) = preSolution
		HideSolutionNode = FALSE
	EndGlobalSection
	GlobalSection(ExtensibilityGlobals) = postSolution
		SolutionGuid = {D8F94CDF-5829-4CE9-9EC4-C5B5513C5A25}
	EndGlobalSection
EndGlobal
